
Microsoft Visual Studio Solution File, Format Version 12.00
# Visual Studio Version 17
VisualStudioVersion = 17.14.36109.1 d17.14
MinimumVisualStudioVersion = 10.0.40219.1
Project("{FAE04EC0-301F-11D3-BF4B-00C04F79EFBC}") = "DeviceDetails", "DeviceDetails\DeviceDetails.csproj", "{8499BFA3-F72D-47B8-99F1-79CC7C504057}"
EndProject
Global
	GlobalSection(SolutionConfigurationPlatforms) = preSolution
		Debug|Any CPU = Debug|Any CPU
		Release|Any CPU = Release|Any CPU
	EndGlobalSection
	GlobalSection(ProjectConfigurationPlatforms) = postSolution
		{8499BFA3-F72D-47B8-99F1-79CC7C504057}.Debug|Any CPU.ActiveCfg = Debug|Any CPU
		{8499BFA3-F72D-47B8-99F1-79CC7C504057}.Debug|Any CPU.Build.0 = Debug|Any CPU
		{8499BFA3-F72D-47B8-99F1-79CC7C504057}.Debug|Any CPU.Deploy.0 = Debug|Any CPU
		{8499BFA3-F72D-47B8-99F1-79CC7C504057}.Release|Any CPU.ActiveCfg = Release|Any CPU
		{8499BFA3-F72D-47B8-99F1-79CC7C504057}.Release|Any CPU.Build.0 = Release|Any CPU
		{8499BFA3-F72D-47B8-99F1-79CC7C504057}.Release|Any CPU.Deploy.0 = Release|Any CPU
	EndGlobalSection
	GlobalSection(SolutionProperties) = preSolution
		HideSolutionNode = FALSE
	EndGlobalSection
	GlobalSection(ExtensibilityGlobals) = postSolution
		SolutionGuid = {DDAD6087-08EC-4684-A1BD-9754641FD580}
	EndGlobalSection
EndGlobal
